// !$*UTF8*$!
{
	archiveVersion = 1;
	classes = {
	};
	objectVersion = 46;
	objects = {

/* Begin PBXBuildFile section */
		2F956A191C41A5D5004DAA31 /* AddMovieViewController.swift in Sources */ = {isa = PBXBuildFile; fileRef = 2F956A181C41A5D5004DAA31 /* AddMovieViewController.swift */; settings = {ASSET_TAGS = (); }; };
		2F96D7771C40408700A9E374 /* AppDelegate.swift in Sources */ = {isa = PBXBuildFile; fileRef = 2F96D7761C40408700A9E374 /* AppDelegate.swift */; };
		2F96D77C1C40408700A9E374 /* Main.storyboard in Resources */ = {isa = PBXBuildFile; fileRef = 2F96D77A1C40408700A9E374 /* Main.storyboard */; };
		2F96D77E1C40408700A9E374 /* Assets.xcassets in Resources */ = {isa = PBXBuildFile; fileRef = 2F96D77D1C40408700A9E374 /* Assets.xcassets */; };
		2F96D7811C40408700A9E374 /* LaunchScreen.storyboard in Resources */ = {isa = PBXBuildFile; fileRef = 2F96D77F1C40408700A9E374 /* LaunchScreen.storyboard */; };
		2F96D7911C40644100A9E374 /* MoviesCollectionViewCell.swift in Sources */ = {isa = PBXBuildFile; fileRef = 2F96D7901C40644100A9E374 /* MoviesCollectionViewCell.swift */; settings = {ASSET_TAGS = (); }; };
		2F96D7931C40688B00A9E374 /* Movie.swift in Sources */ = {isa = PBXBuildFile; fileRef = 2F96D7921C40688B00A9E374 /* Movie.swift */; settings = {ASSET_TAGS = (); }; };
		2F96D7951C4072B100A9E374 /* MoviesCollectionViewController.swift in Sources */ = {isa = PBXBuildFile; fileRef = 2F96D7941C4072B100A9E374 /* MoviesCollectionViewController.swift */; settings = {ASSET_TAGS = (); }; };
		2FA8DA261C6B92C300EEFEFD /* DetailMovieViewController.swift in Sources */ = {isa = PBXBuildFile; fileRef = 2FA8DA251C6B92C300EEFEFD /* DetailMovieViewController.swift */; settings = {ASSET_TAGS = (); }; };
/* End PBXBuildFile section */

/* Begin PBXFileReference section */
		2F956A181C41A5D5004DAA31 /* AddMovieViewController.swift */ = {isa = PBXFileReference; fileEncoding = 4; lastKnownFileType = sourcecode.swift; path = AddMovieViewController.swift; sourceTree = "<group>"; };
		2F96D7731C40408700A9E374 /* TrackIt.app */ = {isa = PBXFileReference; explicitFileType = wrapper.application; includeInIndex = 0; path = TrackIt.app; sourceTree = BUILT_PRODUCTS_DIR; };
		2F96D7761C40408700A9E374 /* AppDelegate.swift */ = {isa = PBXFileReference; lastKnownFileType = sourcecode.swift; path = AppDelegate.swift; sourceTree = "<group>"; };
		2F96D77B1C40408700A9E374 /* Base */ = {isa = PBXFileReference; lastKnownFileType = file.storyboard; name = Base; path = Base.lproj/Main.storyboard; sourceTree = "<group>"; };
		2F96D77D1C40408700A9E374 /* Assets.xcassets */ = {isa = PBXFileReference; lastKnownFileType = folder.assetcatalog; path = Assets.xcassets; sourceTree = "<group>"; };
		2F96D7801C40408700A9E374 /* Base */ = {isa = PBXFileReference; lastKnownFileType = file.storyboard; name = Base; path = Base.lproj/LaunchScreen.storyboard; sourceTree = "<group>"; };
		2F96D7821C40408700A9E374 /* Info.plist */ = {isa = PBXFileReference; lastKnownFileType = text.plist.xml; path = Info.plist; sourceTree = "<group>"; };
		2F96D7901C40644100A9E374 /* MoviesCollectionViewCell.swift */ = {isa = PBXFileReference; fileEncoding = 4; lastKnownFileType = sourcecode.swift; name = MoviesCollectionViewCell.swift; path = ../MoviesCollectionViewCell.swift; sourceTree = "<group>"; };
		2F96D7921C40688B00A9E374 /* Movie.swift */ = {isa = PBXFileReference; fileEncoding = 4; lastKnownFileType = sourcecode.swift; path = Movie.swift; sourceTree = "<group>"; };
		2F96D7941C4072B100A9E374 /* MoviesCollectionViewController.swift */ = {isa = PBXFileReference; fileEncoding = 4; lastKnownFileType = sourcecode.swift; path = MoviesCollectionViewController.swift; sourceTree = "<group>"; };
		2FA8DA251C6B92C300EEFEFD /* DetailMovieViewController.swift */ = {isa = PBXFileReference; fileEncoding = 4; lastKnownFileType = sourcecode.swift; path = DetailMovieViewController.swift; sourceTree = "<group>"; };
/* End PBXFileReference section */

/* Begin PBXFrameworksBuildPhase section */
		2F96D7701C40408700A9E374 /* Frameworks */ = {
			isa = PBXFrameworksBuildPhase;
			buildActionMask = 2147483647;
			files = (
			);
			runOnlyForDeploymentPostprocessing = 0;
		};
/* End PBXFrameworksBuildPhase section */

/* Begin PBXGroup section */
		2F96D76A1C40408700A9E374 = {
			isa = PBXGroup;
			children = (
				2F96D7751C40408700A9E374 /* TrackIt */,
				2F96D7741C40408700A9E374 /* Products */,
			);
			sourceTree = "<group>";
		};
		2F96D7741C40408700A9E374 /* Products */ = {
			isa = PBXGroup;
			children = (
				2F96D7731C40408700A9E374 /* TrackIt.app */,
			);
			name = Products;
			sourceTree = "<group>";
		};
		2F96D7751C40408700A9E374 /* TrackIt */ = {
			isa = PBXGroup;
			children = (
				2F96D7761C40408700A9E374 /* AppDelegate.swift */,
				2F96D7901C40644100A9E374 /* MoviesCollectionViewCell.swift */,
				2F96D77A1C40408700A9E374 /* Main.storyboard */,
				2FA8DA251C6B92C300EEFEFD /* DetailMovieViewController.swift */,
				2F956A181C41A5D5004DAA31 /* AddMovieViewController.swift */,
				2F96D7941C4072B100A9E374 /* MoviesCollectionViewController.swift */,
				2F96D7921C40688B00A9E374 /* Movie.swift */,
				2F96D77D1C40408700A9E374 /* Assets.xcassets */,
				2F96D77F1C40408700A9E374 /* LaunchScreen.storyboard */,
				2F96D7821C40408700A9E374 /* Info.plist */,
			);
			path = TrackIt;
			sourceTree = "<group>";
		};
/* End PBXGroup section */

/* Begin PBXNativeTarget section */
		2F96D7721C40408700A9E374 /* TrackIt */ = {
			isa = PBXNativeTarget;
			buildConfigurationList = 2F96D7851C40408700A9E374 /* Build configuration list for PBXNativeTarget "TrackIt" */;
			buildPhases = (
				2F96D76F1C40408700A9E374 /* Sources */,
				2F96D7701C40408700A9E374 /* Frameworks */,
				2F96D7711C40408700A9E374 /* Resources */,
			);
			buildRules = (
			);
			dependencies = (
			);
			name = TrackIt;
			productName = TrackIt;
			productReference = 2F96D7731C40408700A9E374 /* TrackIt.app */;
			productType = "com.apple.product-type.application";
		};
/* End PBXNativeTarget section */

/* Begin PBXProject section */
		2F96D76B1C40408700A9E374 /* Project object */ = {
			isa = PBXProject;
			attributes = {
				LastUpgradeCheck = 0700;
				ORGANIZATIONNAME = "Nina Ray";
				TargetAttributes = {
					2F96D7721C40408700A9E374 = {
						CreatedOnToolsVersion = 7.0.1;
						DevelopmentTeam = JBR6G7U47X;
					};
				};
			};
			buildConfigurationList = 2F96D76E1C40408700A9E374 /* Build configuration list for PBXProject "TrackIt" */;
			compatibilityVersion = "Xcode 3.2";
			developmentRegion = English;
			hasScannedForEncodings = 0;
			knownRegions = (
				en,
				Base,
			);
			mainGroup = 2F96D76A1C40408700A9E374;
			productRefGroup = 2F96D7741C40408700A9E374 /* Products */;
			projectDirPath = "";
			projectRoot = "";
			targets = (
				2F96D7721C40408700A9E374 /* TrackIt */,
			);
		};
/* End PBXProject section */

/* Begin PBXResourcesBuildPhase section */
		2F96D7711C40408700A9E374 /* Resources */ = {
			isa = PBXResourcesBuildPhase;
			buildActionMask = 2147483647;
			files = (
				2F96D7811C40408700A9E374 /* LaunchScreen.storyboard in Resources */,
				2F96D77E1C40408700A9E374 /* Assets.xcassets in Resources */,
				2F96D77C1C40408700A9E374 /* Main.storyboard in Resources */,
			);
			runOnlyForDeploymentPostprocessing = 0;
		};
/* End PBXResourcesBuildPhase section */

/* Begin PBXSourcesBuildPhase section */
		2F96D76F1C40408700A9E374 /* Sources */ = {
			isa = PBXSourcesBuildPhase;
			buildActionMask = 2147483647;
			files = (
				2F96D7771C40408700A9E374 /* AppDelegate.swift in Sources */,
				2F96D7951C4072B100A9E374 /* MoviesCollectionViewController.swift in Sources */,
				2F96D7911C40644100A9E374 /* MoviesCollectionViewCell.swift in Sources */,
				2F956A191C41A5D5004DAA31 /* AddMovieViewController.swift in Sources */,
				2FA8DA261C6B92C300EEFEFD /* DetailMovieViewController.swift in Sources */,
				2F96D7931C40688B00A9E374 /* Movie.swift in Sources */,
			);
			runOnlyForDeploymentPostprocessing = 0;
		};
/* End PBXSourcesBuildPhase section */

/* Begin PBXVariantGroup section */
		2F96D77A1C40408700A9E374 /* Main.storyboard */ = {
			isa = PBXVariantGroup;
			children = (
				2F96D77B1C40408700A9E374 /* Base */,
			);
			name = Main.storyboard;
			sourceTree = "<group>";
		};
		2F96D77F1C40408700A9E374 /* LaunchScreen.storyboard */ = {
			isa = PBXVariantGroup;
			children = (
				2F96D7801C40408700A9E374 /* Base */,
			);
			name = LaunchScreen.storyboard;
			sourceTree = "<group>";
		};
/* End PBXVariantGroup section */

/* Begin XCBuildConfiguration section */
		2F96D7831C40408700A9E374 /* Debug */ = {
			isa = XCBuildConfiguration;
			buildSettings = {
				ALWAYS_SEARCH_USER_PATHS = NO;
				CLANG_CXX_LANGUAGE_STANDARD = "gnu++0x";
				CLANG_CXX_LIBRARY = "libc++";
				CLANG_ENABLE_MODULES = YES;
				CLANG_ENABLE_OBJC_ARC = YES;
				CLANG_WARN_BOOL_CONVERSION = YES;
				CLANG_WARN_CONSTANT_CONVERSION = YES;
				CLANG_WARN_DIRECT_OBJC_ISA_USAGE = YES_ERROR;
				CLANG_WARN_EMPTY_BODY = YES;
				CLANG_WARN_ENUM_CONVERSION = YES;
				CLANG_WARN_INT_CONVERSION = YES;
				CLANG_WARN_OBJC_ROOT_CLASS = YES_ERROR;
				CLANG_WARN_UNREACHABLE_CODE = YES;
				CLANG_WARN__DUPLICATE_METHOD_MATCH = YES;
				"CODE_SIGN_IDENTITY[sdk=iphoneos*]" = "iPhone Developer";
				COPY_PHASE_STRIP = NO;
				DEBUG_INFORMATION_FORMAT = dwarf;
				ENABLE_STRICT_OBJC_MSGSEND = YES;
				ENABLE_TESTABILITY = YES;
				GCC_C_LANGUAGE_STANDARD = gnu99;
				GCC_DYNAMIC_NO_PIC = NO;
				GCC_NO_COMMON_BLOCKS = YES;
				GCC_OPTIMIZATION_LEVEL = 0;
				GCC_PREPROCESSOR_DEFINITIONS = (
					"DEBUG=1",
					"$(inherited)",
				);
				GCC_WARN_64_TO_32_BIT_CONVERSION = YES;
				GCC_WARN_ABOUT_RETURN_TYPE = YES_ERROR;
				GCC_WARN_UNDECLARED_SELECTOR = YES;
				GCC_WARN_UNINITIALIZED_AUTOS = YES_AGGRESSIVE;
				GCC_WARN_UNUSED_FUNCTION = YES;
				GCC_WARN_UNUSED_VARIABLE = YES;
				IPHONEOS_DEPLOYMENT_TARGET = 9.0;
				MTL_ENABLE_DEBUG_INFO = YES;
				ONLY_ACTIVE_ARCH = YES;
				SDKROOT = iphoneos;
				SWIFT_OPTIMIZATION_LEVEL = "-Onone";
			};
			name = Debug;
		};
		2F96D7841C40408700A9E374 /* Release */ = {
			isa = XCBuildConfiguration;
			buildSettings = {
				ALWAYS_SEARCH_USER_PATHS = NO;
				CLANG_CXX_LANGUAGE_STANDARD = "gnu++0x";
				CLANG_CXX_LIBRARY = "libc++";
				CLANG_ENABLE_MODULES = YES;
				CLANG_ENABLE_OBJC_ARC = YES;
				CLANG_WARN_BOOL_CONVERSION = YES;
				CLANG_WARN_CONSTANT_CONVERSION = YES;
				CLANG_WARN_DIRECT_OBJC_ISA_USAGE = YES_ERROR;
				CLANG_WARN_EMPTY_BODY = YES;
				CLANG_WARN_ENUM_CONVERSION = YES;
				CLANG_WARN_INT_CONVERSION = YES;
				CLANG_WARN_OBJC_ROOT_CLASS = YES_ERROR;
				CLANG_WARN_UNREACHABLE_CODE = YES;
				CLANG_WARN__DUPLICATE_METHOD_MATCH = YES;
				"CODE_SIGN_IDENTITY[sdk=iphoneos*]" = "iPhone Developer";
				COPY_PHASE_STRIP = NO;
				DEBUG_INFORMATION_FORMAT = "dwarf-with-dsym";
				ENABLE_NS_ASSERTIONS = NO;
				ENABLE_STRICT_OBJC_MSGSEND = YES;
				GCC_C_LANGUAGE_STANDARD = gnu99;
				GCC_NO_COMMON_BLOCKS = YES;
				GCC_WARN_64_TO_32_BIT_CONVERSION = YES;
				GCC_WARN_ABOUT_RETURN_TYPE = YES_ERROR;
				GCC_WARN_UNDECLARED_SELECTOR = YES;
				GCC_WARN_UNINITIALIZED_AUTOS = YES_AGGRESSIVE;
				GCC_WARN_UNUSED_FUNCTION = YES;
				GCC_WARN_UNUSED_VARIABLE = YES;
				IPHONEOS_DEPLOYMENT_TARGET = 9.0;
				MTL_ENABLE_DEBUG_INFO = NO;
				SDKROOT = iphoneos;
				VALIDATE_PRODUCT = YES;
			};
			name = Release;
		};
		2F96D7861C40408700A9E374 /* Debug */ = {
			isa = XCBuildConfiguration;
			buildSettings = {
				ASSETCATALOG_COMPILER_APPICON_NAME = AppIcon;
				INFOPLIST_FILE = TrackIt/Info.plist;
				LD_RUNPATH_SEARCH_PATHS = "$(inherited) @executable_path/Frameworks";
				PRODUCT_BUNDLE_IDENTIFIER = home.TrackIt;
				PRODUCT_NAME = "$(TARGET_NAME)";
			};
			name = Debug;
		};
		2F96D7871C40408700A9E374 /* Release */ = {
			isa = XCBuildConfiguration;
			buildSettings = {
				ASSETCATALOG_COMPILER_APPICON_NAME = AppIcon;
				INFOPLIST_FILE = TrackIt/Info.plist;
				LD_RUNPATH_SEARCH_PATHS = "$(inherited) @executable_path/Frameworks";
				PRODUCT_BUNDLE_IDENTIFIER = home.TrackIt;
				PRODUCT_NAME = "$(TARGET_NAME)";
			};
			name = Release;
		};
/* End XCBuildConfiguration section */

/* Begin XCConfigurationList section */
		2F96D76E1C40408700A9E374 /* Build configuration list for PBXProject "TrackIt" */ = {
			isa = XCConfigurationList;
			buildConfigurations = (
				2F96D7831C40408700A9E374 /* Debug */,
				2F96D7841C40408700A9E374 /* Release */,
			);
			defaultConfigurationIsVisible = 0;
			defaultConfigurationName = Release;
		};
		2F96D7851C40408700A9E374 /* Build configuration list for PBXNativeTarget "TrackIt" */ = {
			isa = XCConfigurationList;
			buildConfigurations = (
				2F96D7861C40408700A9E374 /* Debug */,
				2F96D7871C40408700A9E374 /* Release */,
			);
			defaultConfigurationIsVisible = 0;
			defaultConfigurationName = Release;
		};
/* End XCConfigurationList section */
	};
	rootObject = 2F96D76B1C40408700A9E374 /* Project object */;
}
